
Microsoft Visual Studio Solution File, Format Version 12.00
# Visual Studio 2013
VisualStudioVersion = 12.0.21005.1
MinimumVisualStudioVersion = 10.0.40219.1
Project("{FAE04EC0-301F-11D3-BF4B-00C04F79EFBC}") = "Nagarjun", "Nagarjun\Nagarjun.csproj", "{67685B32-1A0D-4A60-ABF4-CE5A5D02FE31}"
EndProject
Project("{FAE04EC0-301F-11D3-BF4B-00C04F79EFBC}") = "webapi", "webapi\webapi.csproj", "{45EFF10B-1D6E-46F5-9EEA-2D6B630F840B}"
EndProject
Global
	GlobalSection(SolutionConfigurationPlatforms) = preSolution
		Debug|Any CPU = Debug|Any CPU
		Release|Any CPU = Release|Any CPU
	EndGlobalSection
	GlobalSection(ProjectConfigurationPlatforms) = postSolution
		{67685B32-1A0D-4A60-ABF4-CE5A5D02FE31}.Debug|Any CPU.ActiveCfg = Debug|Any CPU
		{67685B32-1A0D-4A60-ABF4-CE5A5D02FE31}.Debug|Any CPU.Build.0 = Debug|Any CPU
		{67685B32-1A0D-4A60-ABF4-CE5A5D02FE31}.Release|Any CPU.ActiveCfg = Release|Any CPU
		{67685B32-1A0D-4A60-ABF4-CE5A5D02FE31}.Release|Any CPU.Build.0 = Release|Any CPU
		{45EFF10B-1D6E-46F5-9EEA-2D6B630F840B}.Debug|Any CPU.ActiveCfg = Debug|Any CPU
		{45EFF10B-1D6E-46F5-9EEA-2D6B630F840B}.Debug|Any CPU.Build.0 = Debug|Any CPU
		{45EFF10B-1D6E-46F5-9EEA-2D6B630F840B}.Release|Any CPU.ActiveCfg = Release|Any CPU
		{45EFF10B-1D6E-46F5-9EEA-2D6B630F840B}.Release|Any CPU.Build.0 = Release|Any CPU
	EndGlobalSection
	GlobalSection(SolutionProperties) = preSolution
		HideSolutionNode = FALSE
	EndGlobalSection
EndGlobal
